// !$*UTF8*$!
{
	archiveVersion = 1;
	classes = {
	};
	objectVersion = 50;
	objects = {

/* Begin PBXBuildFile section */
		5F37D8EF3E533F516B3573EC /* libPods-flutterOnExistApp.a in Frameworks */ = {isa = PBXBuildFile; fileRef = 9E3E39ECB551B1F85F569466 /* libPods-flutterOnExistApp.a */; };
		F8B881B3218B20AB00AB478B /* App.framework in Frameworks */ = {isa = PBXBuildFile; fileRef = F8B881B2218B20AB00AB478B /* App.framework */; };
		F8B881B7218B20C100AB478B /* App.framework in Embed Frameworks */ = {isa = PBXBuildFile; fileRef = F8B881B2218B20AB00AB478B /* App.framework */; settings = {ATTRIBUTES = (CodeSignOnCopy, RemoveHeadersOnCopy, ); }; };
		F8B881B8218B20C200AB478B /* Flutter.framework in Frameworks */ = {isa = PBXBuildFile; fileRef = F8B881B4218B20BB00AB478B /* Flutter.framework */; };
		F8B881B9218B20C200AB478B /* Flutter.framework in Embed Frameworks */ = {isa = PBXBuildFile; fileRef = F8B881B4218B20BB00AB478B /* Flutter.framework */; settings = {ATTRIBUTES = (CodeSignOnCopy, RemoveHeadersOnCopy, ); }; };
		F8B881BF218B21B500AB478B /* GeneratedPluginRegistrant.m in Sources */ = {isa = PBXBuildFile; fileRef = F8B881BD218B21B500AB478B /* GeneratedPluginRegistrant.m */; };
		F8B881C1218B21E000AB478B /* flutter_assets in Resources */ = {isa = PBXBuildFile; fileRef = F8B881C0218B21E000AB478B /* flutter_assets */; };
		F8B881C4218B245A00AB478B /* FlutterTesterViewController.m in Sources */ = {isa = PBXBuildFile; fileRef = F8B881C3218B245A00AB478B /* FlutterTesterViewController.m */; };
		F8D10E2A216C4E1F00D09E2D /* AppDelegate.m in Sources */ = {isa = PBXBuildFile; fileRef = F8D10E29216C4E1F00D09E2D /* AppDelegate.m */; };
		F8D10E2D216C4E1F00D09E2D /* ViewController.m in Sources */ = {isa = PBXBuildFile; fileRef = F8D10E2C216C4E1F00D09E2D /* ViewController.m */; };
		F8D10E30216C4E1F00D09E2D /* Main.storyboard in Resources */ = {isa = PBXBuildFile; fileRef = F8D10E2E216C4E1F00D09E2D /* Main.storyboard */; };
		F8D10E32216C4E2000D09E2D /* Assets.xcassets in Resources */ = {isa = PBXBuildFile; fileRef = F8D10E31216C4E2000D09E2D /* Assets.xcassets */; };
		F8D10E35216C4E2000D09E2D /* LaunchScreen.storyboard in Resources */ = {isa = PBXBuildFile; fileRef = F8D10E33216C4E2000D09E2D /* LaunchScreen.storyboard */; };
		F8D10E38216C4E2000D09E2D /* main.m in Sources */ = {isa = PBXBuildFile; fileRef = F8D10E37216C4E2000D09E2D /* main.m */; };
		F8D10E47216C598800D09E2D /* fluter_Debug.xcconfig in Resources */ = {isa = PBXBuildFile; fileRef = F8D10E45216C598800D09E2D /* fluter_Debug.xcconfig */; };
		F8D10E48216C598800D09E2D /* fluter_Release.xcconfig in Resources */ = {isa = PBXBuildFile; fileRef = F8D10E46216C598800D09E2D /* fluter_Release.xcconfig */; };
		F8D10E4B216C5B0300D09E2D /* Flutter.xcconfig in Resources */ = {isa = PBXBuildFile; fileRef = F8D10E4A216C5B0300D09E2D /* Flutter.xcconfig */; };
		F8E2DA17219070B00008BF33 /* Base_Req.m in Sources */ = {isa = PBXBuildFile; fileRef = F8E2DA0B219070B00008BF33 /* Base_Req.m */; };
		F8E2DA18219070B00008BF33 /* Base_Resp.m in Sources */ = {isa = PBXBuildFile; fileRef = F8E2DA0C219070B00008BF33 /* Base_Resp.m */; };
		F8E2DA19219070B00008BF33 /* BeeActiveObject.m in Sources */ = {isa = PBXBuildFile; fileRef = F8E2DA0D219070B00008BF33 /* BeeActiveObject.m */; };
		F8E2DA1A219070B00008BF33 /* HBActiveObject.m in Sources */ = {isa = PBXBuildFile; fileRef = F8E2DA13219070B00008BF33 /* HBActiveObject.m */; };
		F8E2DA1B219070B00008BF33 /* SMDHttpEngine.m in Sources */ = {isa = PBXBuildFile; fileRef = F8E2DA15219070B00008BF33 /* SMDHttpEngine.m */; };
		F8E2DA1E21907F200008BF33 /* PackageInfoPlugin.m in Sources */ = {isa = PBXBuildFile; fileRef = F8E2DA1C21907F200008BF33 /* PackageInfoPlugin.m */; };
/* End PBXBuildFile section */

/* Begin PBXCopyFilesBuildPhase section */
		F8D10E6E216C5C2F00D09E2D /* Embed Frameworks */ = {
			isa = PBXCopyFilesBuildPhase;
			buildActionMask = 2147483647;
			dstPath = "";
			dstSubfolderSpec = 10;
			files = (
				F8B881B7218B20C100AB478B /* App.framework in Embed Frameworks */,
				F8B881B9218B20C200AB478B /* Flutter.framework in Embed Frameworks */,
			);
			name = "Embed Frameworks";
			runOnlyForDeploymentPostprocessing = 0;
		};
/* End PBXCopyFilesBuildPhase section */

/* Begin PBXFileReference section */
		9E3E39ECB551B1F85F569466 /* libPods-flutterOnExistApp.a */ = {isa = PBXFileReference; explicitFileType = archive.ar; includeInIndex = 0; path = "libPods-flutterOnExistApp.a"; sourceTree = BUILT_PRODUCTS_DIR; };
		F8B881B2218B20AB00AB478B /* App.framework */ = {isa = PBXFileReference; lastKnownFileType = wrapper.framework; name = App.framework; path = myflutter/.ios/Flutter/App.framework; sourceTree = SOURCE_ROOT; };
		F8B881B4218B20BB00AB478B /* Flutter.framework */ = {isa = PBXFileReference; lastKnownFileType = wrapper.framework; name = Flutter.framework; path = myflutter/.ios/Flutter/engine/Flutter.framework; sourceTree = SOURCE_ROOT; };
		F8B881BD218B21B500AB478B /* GeneratedPluginRegistrant.m */ = {isa = PBXFileReference; fileEncoding = 4; lastKnownFileType = sourcecode.c.objc; path = GeneratedPluginRegistrant.m; sourceTree = "<group>"; };
		F8B881BE218B21B500AB478B /* GeneratedPluginRegistrant.h */ = {isa = PBXFileReference; fileEncoding = 4; lastKnownFileType = sourcecode.c.h; path = GeneratedPluginRegistrant.h; sourceTree = "<group>"; };
		F8B881C0218B21E000AB478B /* flutter_assets */ = {isa = PBXFileReference; lastKnownFileType = folder; name = flutter_assets; path = myflutter/.ios/Flutter/flutter_assets; sourceTree = SOURCE_ROOT; };
		F8B881C2218B245A00AB478B /* FlutterTesterViewController.h */ = {isa = PBXFileReference; fileEncoding = 4; lastKnownFileType = sourcecode.c.h; path = FlutterTesterViewController.h; sourceTree = "<group>"; };
		F8B881C3218B245A00AB478B /* FlutterTesterViewController.m */ = {isa = PBXFileReference; fileEncoding = 4; lastKnownFileType = sourcecode.c.objc; path = FlutterTesterViewController.m; sourceTree = "<group>"; };
		F8D10E25216C4E1E00D09E2D /* flutterOnExistApp.app */ = {isa = PBXFileReference; explicitFileType = wrapper.application; includeInIndex = 0; path = flutterOnExistApp.app; sourceTree = BUILT_PRODUCTS_DIR; };
		F8D10E28216C4E1F00D09E2D /* AppDelegate.h */ = {isa = PBXFileReference; lastKnownFileType = sourcecode.c.h; path = AppDelegate.h; sourceTree = "<group>"; };
		F8D10E29216C4E1F00D09E2D /* AppDelegate.m */ = {isa = PBXFileReference; lastKnownFileType = sourcecode.c.objc; path = AppDelegate.m; sourceTree = "<group>"; };
		F8D10E2B216C4E1F00D09E2D /* ViewController.h */ = {isa = PBXFileReference; lastKnownFileType = sourcecode.c.h; path = ViewController.h; sourceTree = "<group>"; };
		F8D10E2C216C4E1F00D09E2D /* ViewController.m */ = {isa = PBXFileReference; lastKnownFileType = sourcecode.c.objc; path = ViewController.m; sourceTree = "<group>"; };
		F8D10E2F216C4E1F00D09E2D /* Base */ = {isa = PBXFileReference; lastKnownFileType = file.storyboard; name = Base; path = Base.lproj/Main.storyboard; sourceTree = "<group>"; };
		F8D10E31216C4E2000D09E2D /* Assets.xcassets */ = {isa = PBXFileReference; lastKnownFileType = folder.assetcatalog; path = Assets.xcassets; sourceTree = "<group>"; };
		F8D10E34216C4E2000D09E2D /* Base */ = {isa = PBXFileReference; lastKnownFileType = file.storyboard; name = Base; path = Base.lproj/LaunchScreen.storyboard; sourceTree = "<group>"; };
		F8D10E36216C4E2000D09E2D /* Info.plist */ = {isa = PBXFileReference; lastKnownFileType = text.plist.xml; path = Info.plist; sourceTree = "<group>"; };
		F8D10E37216C4E2000D09E2D /* main.m */ = {isa = PBXFileReference; lastKnownFileType = sourcecode.c.objc; path = main.m; sourceTree = "<group>"; };
		F8D10E45216C598800D09E2D /* fluter_Debug.xcconfig */ = {isa = PBXFileReference; fileEncoding = 4; lastKnownFileType = text.xcconfig; path = fluter_Debug.xcconfig; sourceTree = "<group>"; };
		F8D10E46216C598800D09E2D /* fluter_Release.xcconfig */ = {isa = PBXFileReference; fileEncoding = 4; lastKnownFileType = text.xcconfig; path = fluter_Release.xcconfig; sourceTree = "<group>"; };
		F8D10E4A216C5B0300D09E2D /* Flutter.xcconfig */ = {isa = PBXFileReference; fileEncoding = 4; lastKnownFileType = text.xcconfig; path = Flutter.xcconfig; sourceTree = "<group>"; };
		F8E2DA0B219070B00008BF33 /* Base_Req.m */ = {isa = PBXFileReference; fileEncoding = 4; lastKnownFileType = sourcecode.c.objc; path = Base_Req.m; sourceTree = "<group>"; };
		F8E2DA0C219070B00008BF33 /* Base_Resp.m */ = {isa = PBXFileReference; fileEncoding = 4; lastKnownFileType = sourcecode.c.objc; path = Base_Resp.m; sourceTree = "<group>"; };
		F8E2DA0D219070B00008BF33 /* BeeActiveObject.m */ = {isa = PBXFileReference; fileEncoding = 4; lastKnownFileType = sourcecode.c.objc; path = BeeActiveObject.m; sourceTree = "<group>"; };
		F8E2DA0E219070B00008BF33 /* HBActiveObject.h */ = {isa = PBXFileReference; fileEncoding = 4; lastKnownFileType = sourcecode.c.h; path = HBActiveObject.h; sourceTree = "<group>"; };
		F8E2DA0F219070B00008BF33 /* Base_Req.h */ = {isa = PBXFileReference; fileEncoding = 4; lastKnownFileType = sourcecode.c.h; path = Base_Req.h; sourceTree = "<group>"; };
		F8E2DA10219070B00008BF33 /* BeeActiveObject.h */ = {isa = PBXFileReference; fileEncoding = 4; lastKnownFileType = sourcecode.c.h; path = BeeActiveObject.h; sourceTree = "<group>"; };
		F8E2DA11219070B00008BF33 /* Bee.h */ = {isa = PBXFileReference; fileEncoding = 4; lastKnownFileType = sourcecode.c.h; path = Bee.h; sourceTree = "<group>"; };
		F8E2DA12219070B00008BF33 /* Base_Resp.h */ = {isa = PBXFileReference; fileEncoding = 4; lastKnownFileType = sourcecode.c.h; path = Base_Resp.h; sourceTree = "<group>"; };
		F8E2DA13219070B00008BF33 /* HBActiveObject.m */ = {isa = PBXFileReference; fileEncoding = 4; lastKnownFileType = sourcecode.c.objc; path = HBActiveObject.m; sourceTree = "<group>"; };
		F8E2DA14219070B00008BF33 /* SMDHttpEngine.h */ = {isa = PBXFileReference; fileEncoding = 4; lastKnownFileType = sourcecode.c.h; path = SMDHttpEngine.h; sourceTree = "<group>"; };
		F8E2DA15219070B00008BF33 /* SMDHttpEngine.m */ = {isa = PBXFileReference; fileEncoding = 4; lastKnownFileType = sourcecode.c.objc; path = SMDHttpEngine.m; sourceTree = "<group>"; };
		F8E2DA16219070B00008BF33 /* SMDNetWork.h */ = {isa = PBXFileReference; fileEncoding = 4; lastKnownFileType = sourcecode.c.h; path = SMDNetWork.h; sourceTree = "<group>"; };
		F8E2DA1C21907F200008BF33 /* PackageInfoPlugin.m */ = {isa = PBXFileReference; fileEncoding = 4; lastKnownFileType = sourcecode.c.objc; path = PackageInfoPlugin.m; sourceTree = "<group>"; };
		F8E2DA1D21907F200008BF33 /* PackageInfoPlugin.h */ = {isa = PBXFileReference; fileEncoding = 4; lastKnownFileType = sourcecode.c.h; path = PackageInfoPlugin.h; sourceTree = "<group>"; };
/* End PBXFileReference section */

/* Begin PBXFrameworksBuildPhase section */
		F8D10E22216C4E1E00D09E2D /* Frameworks */ = {
			isa = PBXFrameworksBuildPhase;
			buildActionMask = 2147483647;
			files = (
				F8B881B3218B20AB00AB478B /* App.framework in Frameworks */,
				F8B881B8218B20C200AB478B /* Flutter.framework in Frameworks */,
				5F37D8EF3E533F516B3573EC /* libPods-flutterOnExistApp.a in Frameworks */,
			);
			runOnlyForDeploymentPostprocessing = 0;
		};
/* End PBXFrameworksBuildPhase section */

/* Begin PBXGroup section */
		29199C8533117A03CAEFE270 /* Frameworks */ = {
			isa = PBXGroup;
			children = (
				9E3E39ECB551B1F85F569466 /* libPods-flutterOnExistApp.a */,
			);
			name = Frameworks;
			sourceTree = "<group>";
		};
		9CFC758C628F54CE10516B7A /* Pods */ = {
			isa = PBXGroup;
			children = (
			);
			name = Pods;
			sourceTree = "<group>";
		};
		F8D10E1C216C4E1E00D09E2D = {
			isa = PBXGroup;
			children = (
				F8D10E49216C5B0300D09E2D /* Flutter */,
				F8D10E44216C598800D09E2D /* Config */,
				F8D10E27216C4E1E00D09E2D /* flutterOnExistApp */,
				F8D10E26216C4E1E00D09E2D /* Products */,
				9CFC758C628F54CE10516B7A /* Pods */,
				29199C8533117A03CAEFE270 /* Frameworks */,
			);
			sourceTree = "<group>";
		};
		F8D10E26216C4E1E00D09E2D /* Products */ = {
			isa = PBXGroup;
			children = (
				F8D10E25216C4E1E00D09E2D /* flutterOnExistApp.app */,
			);
			name = Products;
			sourceTree = "<group>";
		};
		F8D10E27216C4E1E00D09E2D /* flutterOnExistApp */ = {
			isa = PBXGroup;
			children = (
				F8D10E28216C4E1F00D09E2D /* AppDelegate.h */,
				F8D10E29216C4E1F00D09E2D /* AppDelegate.m */,
				F8D10E31216C4E2000D09E2D /* Assets.xcassets */,
				F8B881C2218B245A00AB478B /* FlutterTesterViewController.h */,
				F8B881C3218B245A00AB478B /* FlutterTesterViewController.m */,
				F8D10E36216C4E2000D09E2D /* Info.plist */,
				F8D10E33216C4E2000D09E2D /* LaunchScreen.storyboard */,
				F8D10E37216C4E2000D09E2D /* main.m */,
				F8D10E2E216C4E1F00D09E2D /* Main.storyboard */,
				F8E2DA09219070B00008BF33 /* SMDNetWork */,
				F8D10E2B216C4E1F00D09E2D /* ViewController.h */,
				F8D10E2C216C4E1F00D09E2D /* ViewController.m */,
			);
			path = flutterOnExistApp;
			sourceTree = "<group>";
		};
		F8D10E44216C598800D09E2D /* Config */ = {
			isa = PBXGroup;
			children = (
				F8D10E45216C598800D09E2D /* fluter_Debug.xcconfig */,
				F8D10E46216C598800D09E2D /* fluter_Release.xcconfig */,
			);
			path = Config;
			sourceTree = "<group>";
		};
		F8D10E49216C5B0300D09E2D /* Flutter */ = {
			isa = PBXGroup;
			children = (
				F8B881B2218B20AB00AB478B /* App.framework */,
				F8B881B4218B20BB00AB478B /* Flutter.framework */,
				F8D10E4A216C5B0300D09E2D /* Flutter.xcconfig */,
				F8B881BE218B21B500AB478B /* GeneratedPluginRegistrant.h */,
				F8B881BD218B21B500AB478B /* GeneratedPluginRegistrant.m */,
				F8E2DA1D21907F200008BF33 /* PackageInfoPlugin.h */,
				F8E2DA1C21907F200008BF33 /* PackageInfoPlugin.m */,
				F8B881C0218B21E000AB478B /* flutter_assets */,
			);
			path = Flutter;
			sourceTree = "<group>";
		};
		F8E2DA09219070B00008BF33 /* SMDNetWork */ = {
			isa = PBXGroup;
			children = (
				F8E2DA0A219070B00008BF33 /* vo */,
				F8E2DA14219070B00008BF33 /* SMDHttpEngine.h */,
				F8E2DA15219070B00008BF33 /* SMDHttpEngine.m */,
				F8E2DA16219070B00008BF33 /* SMDNetWork.h */,
			);
			path = SMDNetWork;
			sourceTree = "<group>";
		};
		F8E2DA0A219070B00008BF33 /* vo */ = {
			isa = PBXGroup;
			children = (
				F8E2DA0B219070B00008BF33 /* Base_Req.m */,
				F8E2DA0C219070B00008BF33 /* Base_Resp.m */,
				F8E2DA0D219070B00008BF33 /* BeeActiveObject.m */,
				F8E2DA0E219070B00008BF33 /* HBActiveObject.h */,
				F8E2DA0F219070B00008BF33 /* Base_Req.h */,
				F8E2DA10219070B00008BF33 /* BeeActiveObject.h */,
				F8E2DA11219070B00008BF33 /* Bee.h */,
				F8E2DA12219070B00008BF33 /* Base_Resp.h */,
				F8E2DA13219070B00008BF33 /* HBActiveObject.m */,
			);
			path = vo;
			sourceTree = "<group>";
		};
/* End PBXGroup section */

/* Begin PBXNativeTarget section */
		F8D10E24216C4E1E00D09E2D /* flutterOnExistApp */ = {
			isa = PBXNativeTarget;
			buildConfigurationList = F8D10E3B216C4E2000D09E2D /* Build configuration list for PBXNativeTarget "flutterOnExistApp" */;
			buildPhases = (
				9B2AD7111B5DC1B27435F9BC /* [CP] Check Pods Manifest.lock */,
				F8D10E3E216C570900D09E2D /* ShellScript */,
				F8B881D8218B24CB00AB478B /* R.replace.engine */,
				F8E2DA1F219085150008BF33 /* R.replace.engine.from.debug_ios */,
				F8D10E21216C4E1E00D09E2D /* Sources */,
				F8D10E22216C4E1E00D09E2D /* Frameworks */,
				F8D10E23216C4E1E00D09E2D /* Resources */,
				F8D10E6E216C5C2F00D09E2D /* Embed Frameworks */,
			);
			buildRules = (
			);
			dependencies = (
			);
			name = flutterOnExistApp;
			productName = flutterOnExistApp;
			productReference = F8D10E25216C4E1E00D09E2D /* flutterOnExistApp.app */;
			productType = "com.apple.product-type.application";
		};
/* End PBXNativeTarget section */

/* Begin PBXProject section */
		F8D10E1D216C4E1E00D09E2D /* Project object */ = {
			isa = PBXProject;
			attributes = {
				LastUpgradeCheck = 0940;
				ORGANIZATIONNAME = YY.Inc;
				TargetAttributes = {
					F8D10E24216C4E1E00D09E2D = {
						CreatedOnToolsVersion = 9.4.1;
					};
				};
			};
			buildConfigurationList = F8D10E20216C4E1E00D09E2D /* Build configuration list for PBXProject "flutterOnExistApp" */;
			compatibilityVersion = "Xcode 9.3";
			developmentRegion = en;
			hasScannedForEncodings = 0;
			knownRegions = (
				en,
				Base,
			);
			mainGroup = F8D10E1C216C4E1E00D09E2D;
			productRefGroup = F8D10E26216C4E1E00D09E2D /* Products */;
			projectDirPath = "";
			projectRoot = "";
			targets = (
				F8D10E24216C4E1E00D09E2D /* flutterOnExistApp */,
			);
		};
/* End PBXProject section */

/* Begin PBXResourcesBuildPhase section */
		F8D10E23216C4E1E00D09E2D /* Resources */ = {
			isa = PBXResourcesBuildPhase;
			buildActionMask = 2147483647;
			files = (
				F8D10E47216C598800D09E2D /* fluter_Debug.xcconfig in Resources */,
				F8D10E35216C4E2000D09E2D /* LaunchScreen.storyboard in Resources */,
				F8D10E32216C4E2000D09E2D /* Assets.xcassets in Resources */,
				F8D10E4B216C5B0300D09E2D /* Flutter.xcconfig in Resources */,
				F8D10E30216C4E1F00D09E2D /* Main.storyboard in Resources */,
				F8B881C1218B21E000AB478B /* flutter_assets in Resources */,
				F8D10E48216C598800D09E2D /* fluter_Release.xcconfig in Resources */,
			);
			runOnlyForDeploymentPostprocessing = 0;
		};
/* End PBXResourcesBuildPhase section */

/* Begin PBXShellScriptBuildPhase section */
		9B2AD7111B5DC1B27435F9BC /* [CP] Check Pods Manifest.lock */ = {
			isa = PBXShellScriptBuildPhase;
			buildActionMask = 2147483647;
			files = (
			);
			inputPaths = (
				"${PODS_PODFILE_DIR_PATH}/Podfile.lock",
				"${PODS_ROOT}/Manifest.lock",
			);
			name = "[CP] Check Pods Manifest.lock";
			outputPaths = (
				"$(DERIVED_FILE_DIR)/Pods-flutterOnExistApp-checkManifestLockResult.txt",
			);
			runOnlyForDeploymentPostprocessing = 0;
			shellPath = /bin/sh;
			shellScript = "diff \"${PODS_PODFILE_DIR_PATH}/Podfile.lock\" \"${PODS_ROOT}/Manifest.lock\" > /dev/null\nif [ $? != 0 ] ; then\n    # print error to STDERR\n    echo \"error: The sandbox is not in sync with the Podfile.lock. Run 'pod install' or update your CocoaPods installation.\" >&2\n    exit 1\nfi\n# This output is used by Xcode 'outputs' to avoid re-running this script phase.\necho \"SUCCESS\" > \"${SCRIPT_OUTPUT_FILE_0}\"\n";
			showEnvVarsInLog = 0;
		};
		F8B881D8218B24CB00AB478B /* R.replace.engine */ = {
			isa = PBXShellScriptBuildPhase;
			buildActionMask = 2147483647;
			files = (
			);
			inputPaths = (
			);
			name = R.replace.engine;
			outputPaths = (
			);
			runOnlyForDeploymentPostprocessing = 0;
			shellPath = /bin/sh;
			shellScript = "cd \"${SRCROOT}/flutterOnExistApp/Resources/\"\n  \nunzip -u Flutter.framework.zip\n\ncp -rf \"${SRCROOT}/flutterOnExistApp/Resources/Flutter.framework\" \"${SRCROOT}/myflutter/.ios/Flutter/engine\"\n\n#cp -rf \"${SRCROOT}/flutterOnExistApp/Resources/Flutter.framework\" \"${SRCROOT}/myflutter/.ios/Flutter/engine\"\n";
		};
		F8D10E3E216C570900D09E2D /* ShellScript */ = {
			isa = PBXShellScriptBuildPhase;
			buildActionMask = 2147483647;
			files = (
			);
			inputPaths = (
			);
			outputPaths = (
			);
			runOnlyForDeploymentPostprocessing = 0;
			shellPath = /bin/sh;
			shellScript = "\"$FLUTTER_ROOT/packages/flutter_tools/bin/xcode_backend.sh\" build\n";
		};
		F8E2DA1F219085150008BF33 /* R.replace.engine.from.debug_ios */ = {
			isa = PBXShellScriptBuildPhase;
			buildActionMask = 2147483647;
			files = (
			);
			inputPaths = (
			);
			name = R.replace.engine.from.debug_ios;
			outputPaths = (
			);
			runOnlyForDeploymentPostprocessing = 0;
			shellPath = /bin/sh;
			shellScript = "cp -rf \"/Users/boo/Documents/engine/src/out/ios_debug_unopt/Flutter.framework\" \"${SRCROOT}/myflutter/.ios/Flutter/engine\"\n";
		};
/* End PBXShellScriptBuildPhase section */

/* Begin PBXSourcesBuildPhase section */
		F8D10E21216C4E1E00D09E2D /* Sources */ = {
			isa = PBXSourcesBuildPhase;
			buildActionMask = 2147483647;
			files = (
				F8E2DA1A219070B00008BF33 /* HBActiveObject.m in Sources */,
				F8E2DA18219070B00008BF33 /* Base_Resp.m in Sources */,
				F8B881C4218B245A00AB478B /* FlutterTesterViewController.m in Sources */,
				F8E2DA17219070B00008BF33 /* Base_Req.m in Sources */,
				F8E2DA1E21907F200008BF33 /* PackageInfoPlugin.m in Sources */,
				F8E2DA19219070B00008BF33 /* BeeActiveObject.m in Sources */,
				F8D10E2D216C4E1F00D09E2D /* ViewController.m in Sources */,
				F8E2DA1B219070B00008BF33 /* SMDHttpEngine.m in Sources */,
				F8D10E38216C4E2000D09E2D /* main.m in Sources */,
				F8D10E2A216C4E1F00D09E2D /* AppDelegate.m in Sources */,
				F8B881BF218B21B500AB478B /* GeneratedPluginRegistrant.m in Sources */,
			);
			runOnlyForDeploymentPostprocessing = 0;
		};
/* End PBXSourcesBuildPhase section */

/* Begin PBXVariantGroup section */
		F8D10E2E216C4E1F00D09E2D /* Main.storyboard */ = {
			isa = PBXVariantGroup;
			children = (
				F8D10E2F216C4E1F00D09E2D /* Base */,
			);
			name = Main.storyboard;
			sourceTree = "<group>";
		};
		F8D10E33216C4E2000D09E2D /* LaunchScreen.storyboard */ = {
			isa = PBXVariantGroup;
			children = (
				F8D10E34216C4E2000D09E2D /* Base */,
			);
			name = LaunchScreen.storyboard;
			sourceTree = "<group>";
		};
/* End PBXVariantGroup section */

/* Begin XCBuildConfiguration section */
		F8D10E39216C4E2000D09E2D /* Debug */ = {
			isa = XCBuildConfiguration;
			buildSettings = {
				ALWAYS_SEARCH_USER_PATHS = NO;
				CLANG_ANALYZER_NONNULL = YES;
				CLANG_ANALYZER_NUMBER_OBJECT_CONVERSION = YES_AGGRESSIVE;
				CLANG_CXX_LANGUAGE_STANDARD = "gnu++14";
				CLANG_CXX_LIBRARY = "libc++";
				CLANG_ENABLE_MODULES = YES;
				CLANG_ENABLE_OBJC_ARC = YES;
				CLANG_ENABLE_OBJC_WEAK = YES;
				CLANG_WARN_BLOCK_CAPTURE_AUTORELEASING = YES;
				CLANG_WARN_BOOL_CONVERSION = YES;
				CLANG_WARN_COMMA = YES;
				CLANG_WARN_CONSTANT_CONVERSION = YES;
				CLANG_WARN_DEPRECATED_OBJC_IMPLEMENTATIONS = YES;
				CLANG_WARN_DIRECT_OBJC_ISA_USAGE = YES_ERROR;
				CLANG_WARN_DOCUMENTATION_COMMENTS = YES;
				CLANG_WARN_EMPTY_BODY = YES;
				CLANG_WARN_ENUM_CONVERSION = YES;
				CLANG_WARN_INFINITE_RECURSION = YES;
				CLANG_WARN_INT_CONVERSION = YES;
				CLANG_WARN_NON_LITERAL_NULL_CONVERSION = YES;
				CLANG_WARN_OBJC_IMPLICIT_RETAIN_SELF = YES;
				CLANG_WARN_OBJC_LITERAL_CONVERSION = YES;
				CLANG_WARN_OBJC_ROOT_CLASS = YES_ERROR;
				CLANG_WARN_RANGE_LOOP_ANALYSIS = YES;
				CLANG_WARN_STRICT_PROTOTYPES = YES;
				CLANG_WARN_SUSPICIOUS_MOVE = YES;
				CLANG_WARN_UNGUARDED_AVAILABILITY = YES_AGGRESSIVE;
				CLANG_WARN_UNREACHABLE_CODE = YES;
				CLANG_WARN__DUPLICATE_METHOD_MATCH = YES;
				CODE_SIGN_IDENTITY = "iPhone Developer";
				COPY_PHASE_STRIP = NO;
				DEBUG_INFORMATION_FORMAT = dwarf;
				ENABLE_STRICT_OBJC_MSGSEND = YES;
				ENABLE_TESTABILITY = YES;
				GCC_C_LANGUAGE_STANDARD = gnu11;
				GCC_DYNAMIC_NO_PIC = NO;
				GCC_NO_COMMON_BLOCKS = YES;
				GCC_OPTIMIZATION_LEVEL = 0;
				GCC_PREPROCESSOR_DEFINITIONS = (
					"DEBUG=1",
					"$(inherited)",
				);
				GCC_WARN_64_TO_32_BIT_CONVERSION = YES;
				GCC_WARN_ABOUT_RETURN_TYPE = YES_ERROR;
				GCC_WARN_UNDECLARED_SELECTOR = YES;
				GCC_WARN_UNINITIALIZED_AUTOS = YES_AGGRESSIVE;
				GCC_WARN_UNUSED_FUNCTION = YES;
				GCC_WARN_UNUSED_VARIABLE = YES;
				IPHONEOS_DEPLOYMENT_TARGET = 11.4;
				MTL_ENABLE_DEBUG_INFO = YES;
				ONLY_ACTIVE_ARCH = YES;
				SDKROOT = iphoneos;
			};
			name = Debug;
		};
		F8D10E3A216C4E2000D09E2D /* Release */ = {
			isa = XCBuildConfiguration;
			buildSettings = {
				ALWAYS_SEARCH_USER_PATHS = NO;
				CLANG_ANALYZER_NONNULL = YES;
				CLANG_ANALYZER_NUMBER_OBJECT_CONVERSION = YES_AGGRESSIVE;
				CLANG_CXX_LANGUAGE_STANDARD = "gnu++14";
				CLANG_CXX_LIBRARY = "libc++";
				CLANG_ENABLE_MODULES = YES;
				CLANG_ENABLE_OBJC_ARC = YES;
				CLANG_ENABLE_OBJC_WEAK = YES;
				CLANG_WARN_BLOCK_CAPTURE_AUTORELEASING = YES;
				CLANG_WARN_BOOL_CONVERSION = YES;
				CLANG_WARN_COMMA = YES;
				CLANG_WARN_CONSTANT_CONVERSION = YES;
				CLANG_WARN_DEPRECATED_OBJC_IMPLEMENTATIONS = YES;
				CLANG_WARN_DIRECT_OBJC_ISA_USAGE = YES_ERROR;
				CLANG_WARN_DOCUMENTATION_COMMENTS = YES;
				CLANG_WARN_EMPTY_BODY = YES;
				CLANG_WARN_ENUM_CONVERSION = YES;
				CLANG_WARN_INFINITE_RECURSION = YES;
				CLANG_WARN_INT_CONVERSION = YES;
				CLANG_WARN_NON_LITERAL_NULL_CONVERSION = YES;
				CLANG_WARN_OBJC_IMPLICIT_RETAIN_SELF = YES;
				CLANG_WARN_OBJC_LITERAL_CONVERSION = YES;
				CLANG_WARN_OBJC_ROOT_CLASS = YES_ERROR;
				CLANG_WARN_RANGE_LOOP_ANALYSIS = YES;
				CLANG_WARN_STRICT_PROTOTYPES = YES;
				CLANG_WARN_SUSPICIOUS_MOVE = YES;
				CLANG_WARN_UNGUARDED_AVAILABILITY = YES_AGGRESSIVE;
				CLANG_WARN_UNREACHABLE_CODE = YES;
				CLANG_WARN__DUPLICATE_METHOD_MATCH = YES;
				CODE_SIGN_IDENTITY = "iPhone Developer";
				COPY_PHASE_STRIP = NO;
				DEBUG_INFORMATION_FORMAT = "dwarf-with-dsym";
				ENABLE_NS_ASSERTIONS = NO;
				ENABLE_STRICT_OBJC_MSGSEND = YES;
				GCC_C_LANGUAGE_STANDARD = gnu11;
				GCC_NO_COMMON_BLOCKS = YES;
				GCC_WARN_64_TO_32_BIT_CONVERSION = YES;
				GCC_WARN_ABOUT_RETURN_TYPE = YES_ERROR;
				GCC_WARN_UNDECLARED_SELECTOR = YES;
				GCC_WARN_UNINITIALIZED_AUTOS = YES_AGGRESSIVE;
				GCC_WARN_UNUSED_FUNCTION = YES;
				GCC_WARN_UNUSED_VARIABLE = YES;
				IPHONEOS_DEPLOYMENT_TARGET = 11.4;
				MTL_ENABLE_DEBUG_INFO = NO;
				SDKROOT = iphoneos;
				VALIDATE_PRODUCT = YES;
			};
			name = Release;
		};
		F8D10E3C216C4E2000D09E2D /* Debug */ = {
			isa = XCBuildConfiguration;
			baseConfigurationReference = F8D10E45216C598800D09E2D /* fluter_Debug.xcconfig */;
			buildSettings = {
				ARCHS = "$(ARCHS_STANDARD)";
				ASSETCATALOG_COMPILER_APPICON_NAME = AppIcon;
				CODE_SIGN_STYLE = Automatic;
				DEVELOPMENT_TEAM = 32M62TMXC7;
				FRAMEWORK_SEARCH_PATHS = (
					"$(inherited)",
					"$(PROJECT_DIR)/myflutter/.ios/Flutter",
					"$(PROJECT_DIR)/myflutter/.ios/Flutter/engine",
					"$(PROJECT_DIR)/Flutter",
				);
				INFOPLIST_FILE = flutterOnExistApp/Info.plist;
				LD_RUNPATH_SEARCH_PATHS = (
					"$(inherited)",
					"@executable_path/Frameworks",
				);
				PRODUCT_BUNDLE_IDENTIFIER = com.yy.flutterOnExistApp;
				PRODUCT_NAME = "$(TARGET_NAME)";
				TARGETED_DEVICE_FAMILY = "1,2";
			};
			name = Debug;
		};
		F8D10E3D216C4E2000D09E2D /* Release */ = {
			isa = XCBuildConfiguration;
			baseConfigurationReference = F8D10E46216C598800D09E2D /* fluter_Release.xcconfig */;
			buildSettings = {
				ARCHS = "$(ARCHS_STANDARD)";
				ASSETCATALOG_COMPILER_APPICON_NAME = AppIcon;
				CODE_SIGN_STYLE = Automatic;
				DEVELOPMENT_TEAM = 32M62TMXC7;
				FRAMEWORK_SEARCH_PATHS = (
					"$(inherited)",
					"$(PROJECT_DIR)/myflutter/.ios/Flutter",
					"$(PROJECT_DIR)/myflutter/.ios/Flutter/engine",
					"$(PROJECT_DIR)/Flutter",
				);
				INFOPLIST_FILE = flutterOnExistApp/Info.plist;
				LD_RUNPATH_SEARCH_PATHS = (
					"$(inherited)",
					"@executable_path/Frameworks",
				);
				PRODUCT_BUNDLE_IDENTIFIER = com.yy.flutterOnExistApp;
				PRODUCT_NAME = "$(TARGET_NAME)";
				TARGETED_DEVICE_FAMILY = "1,2";
			};
			name = Release;
		};
/* End XCBuildConfiguration section */

/* Begin XCConfigurationList section */
		F8D10E20216C4E1E00D09E2D /* Build configuration list for PBXProject "flutterOnExistApp" */ = {
			isa = XCConfigurationList;
			buildConfigurations = (
				F8D10E39216C4E2000D09E2D /* Debug */,
				F8D10E3A216C4E2000D09E2D /* Release */,
			);
			defaultConfigurationIsVisible = 0;
			defaultConfigurationName = Release;
		};
		F8D10E3B216C4E2000D09E2D /* Build configuration list for PBXNativeTarget "flutterOnExistApp" */ = {
			isa = XCConfigurationList;
			buildConfigurations = (
				F8D10E3C216C4E2000D09E2D /* Debug */,
				F8D10E3D216C4E2000D09E2D /* Release */,
			);
			defaultConfigurationIsVisible = 0;
			defaultConfigurationName = Release;
		};
/* End XCConfigurationList section */
	};
	rootObject = F8D10E1D216C4E1E00D09E2D /* Project object */;
}
